<?xml version="1.0" encoding="utf-8"?>
<Project ToolsVersion="4.0" xmlns="http://schemas.microsoft.com/developer/msbuild/2003">
  <ItemGroup>
    <Filter Include="Header Files">
      <UniqueIdentifier>{533f4669-6a5b-44f8-b1f9-ce414d6b979c}</UniqueIdentifier>
      <Extensions>h;hpp;hxx;hm;inl;fi;fd</Extensions>
    </Filter>
    <Filter Include="Resource Files">
      <UniqueIdentifier>{eb5f5892-c1e0-47a4-8ced-08e104b0f196}</UniqueIdentifier>
      <Extensions>ico;cur;bmp;dlg;rc2;rct;bin;cnt;rtf;gif;jpg;jpeg;jpe</Extensions>
    </Filter>
    <Filter Include="Client">
      <UniqueIdentifier>{ff020b9d-08fe-4526-aff7-92c5652f4410}</UniqueIdentifier>
    </Filter>
    <Filter Include="Common">
      <UniqueIdentifier>{7a11c74d-450d-49c0-a108-b6cb983c961d}</UniqueIdentifier>
    </Filter>
    <Filter Include="Win32">
      <UniqueIdentifier>{c1bce15f-5516-4200-b85b-d699273c7a47}</UniqueIdentifier>
    </Filter>
    <Filter Include="Server">
      <UniqueIdentifier>{75ea9d6b-2d9d-43b6-a88c-7463742c3b45}</UniqueIdentifier>
    </Filter>
    <Filter Include="Sound">
      <UniqueIdentifier>{4031f3ee-d397-4d1d-9ff8-2640cb8bde72}</UniqueIdentifier>
    </Filter>
    <Filter Include="Sound\MP3">
      <UniqueIdentifier>{f4c95814-df42-4e05-b8d3-a83746704496}</UniqueIdentifier>
    </Filter>
    <Filter Include="Sound\MP3\MP3 Headers">
      <UniqueIdentifier>{f6460077-46f9-41ec-9c4b-14f8966a1981}</UniqueIdentifier>
    </Filter>
    <Filter Include="Renderer">
      <UniqueIdentifier>{af0741eb-a95b-42df-891a-8143bc485680}</UniqueIdentifier>
    </Filter>
    <Filter Include="Renderer\jpeg files">
      <UniqueIdentifier>{8edbd1e5-369d-4142-b49d-ff2298ffdc9e}</UniqueIdentifier>
    </Filter>
    <Filter Include="Renderer\jpeg files\JPG Source">
      <UniqueIdentifier>{aedc5af6-cae2-4d01-875d-7ac72feef205}</UniqueIdentifier>
    </Filter>
    <Filter Include="Renderer\jpeg files\JPG Headers">
      <UniqueIdentifier>{6e36200f-dbc8-4f4d-9553-b89441899e45}</UniqueIdentifier>
    </Filter>
    <Filter Include="Renderer\png">
      <UniqueIdentifier>{cd33ab63-6be2-4305-bfb5-91bb964e5c29}</UniqueIdentifier>
    </Filter>
    <Filter Include="Ghoul2">
      <UniqueIdentifier>{21ff493e-9e2e-4e3f-b2f5-ae77a93800fe}</UniqueIdentifier>
    </Filter>
    <Filter Include="zlib">
      <UniqueIdentifier>{b8e3bdad-bb46-4c49-badf-c325de2d9511}</UniqueIdentifier>
    </Filter>
    <Filter Include="strings">
      <UniqueIdentifier>{680da847-9690-4b5d-a21a-73b1368d0063}</UniqueIdentifier>
    </Filter>
    <Filter Include="encryption">
      <UniqueIdentifier>{4bba3849-44eb-4179-a12e-41bd3a46f66b}</UniqueIdentifier>
    </Filter>
    <Filter Include="SmartHeap">
      <UniqueIdentifier>{a94a6ade-d5cd-4773-922f-f14e3c961d5a}</UniqueIdentifier>
    </Filter>
    <Filter Include="Debug">
      <UniqueIdentifier>{190cb058-bf65-4202-92c5-6c0f364f2c34}</UniqueIdentifier>
    </Filter>
  </ItemGroup>
  <ItemGroup>
    <ClInclude Include="game\anims.h">
      <Filter>Header Files</Filter>
    </ClInclude>
    <ClInclude Include="game\bg_weapons.h">
      <Filter>Header Files</Filter>
    </ClInclude>
    <ClInclude Include="game\botlib.h">
      <Filter>Header Files</Filter>
    </ClInclude>
    <ClInclude Include="qcommon\disablewarnings.h">
      <Filter>Header Files</Filter>
    </ClInclude>
    <ClInclude Include="win32\resource.h">
      <Filter>Header Files</Filter>
    </ClInclude>
    <ClInclude Include="ui\ui_public.h">
      <Filter>Header Files</Filter>
    </ClInclude>
    <ClInclude Include="client\client.h">
      <Filter>Client</Filter>
    </ClInclude>
    <ClInclude Include="client\FXExport.h">
      <Filter>Client</Filter>
    </ClInclude>
    <ClInclude Include="client\FxPrimitives.h">
      <Filter>Client</Filter>
    </ClInclude>
    <ClInclude Include="client\FxScheduler.h">
      <Filter>Client</Filter>
    </ClInclude>
    <ClInclude Include="client\FxSystem.h">
      <Filter>Client</Filter>
    </ClInclude>
    <ClInclude Include="client\FxUtil.h">
      <Filter>Client</Filter>
    </ClInclude>
    <ClInclude Include="game\bg_public.h">
      <Filter>Common</Filter>
    </ClInclude>
    <ClInclude Include="cgame\cg_public.h">
      <Filter>Common</Filter>
    </ClInclude>
    <ClInclude Include="qcommon\chash.h">
      <Filter>Common</Filter>
    </ClInclude>
    <ClInclude Include="qcommon\cm_local.h">
      <Filter>Common</Filter>
    </ClInclude>
    <ClInclude Include="qcommon\cm_patch.h">
      <Filter>Common</Filter>
    </ClInclude>
    <ClInclude Include="qcommon\cm_polylib.h">
      <Filter>Common</Filter>
    </ClInclude>
    <ClInclude Include="qcommon\cm_public.h">
      <Filter>Common</Filter>
    </ClInclude>
    <ClInclude Include="game\g_public.h">
      <Filter>Common</Filter>
    </ClInclude>
    <ClInclude Include="qcommon\game_version.h">
      <Filter>Common</Filter>
    </ClInclude>
    <ClInclude Include="qcommon\GenericParser2.h">
      <Filter>Common</Filter>
    </ClInclude>
    <ClInclude Include="qcommon\hstring.h">
      <Filter>Common</Filter>
    </ClInclude>
    <ClInclude Include="qcommon\INetProfile.h">
      <Filter>Common</Filter>
    </ClInclude>
    <ClInclude Include="ui\keycodes.h">
      <Filter>Common</Filter>
    </ClInclude>
    <ClInclude Include="client\keys.h">
      <Filter>Common</Filter>
    </ClInclude>
    <ClInclude Include="qcommon\MiniHeap.h">
      <Filter>Common</Filter>
    </ClInclude>
    <ClInclude Include="game\q_shared.h">
      <Filter>Common</Filter>
    </ClInclude>
    <ClInclude Include="qcommon\qcommon.h">
      <Filter>Common</Filter>
    </ClInclude>
    <ClInclude Include="qcommon\qfiles.h">
      <Filter>Common</Filter>
    </ClInclude>
    <ClInclude Include="renderer\qgl.h">
      <Filter>Common</Filter>
    </ClInclude>
    <ClInclude Include="qcommon\RoffSystem.h">
      <Filter>Common</Filter>
    </ClInclude>
    <ClInclude Include="qcommon\sstring.h">
      <Filter>Common</Filter>
    </ClInclude>
    <ClInclude Include="qcommon\strip.h">
      <Filter>Common</Filter>
    </ClInclude>
    <ClInclude Include="game\surfaceflags.h">
      <Filter>Common</Filter>
    </ClInclude>
    <ClInclude Include="qcommon\tags.h">
      <Filter>Common</Filter>
    </ClInclude>
    <ClInclude Include="qcommon\unzip.h">
      <Filter>Common</Filter>
    </ClInclude>
    <ClInclude Include="qcommon\vm_local.h">
      <Filter>Common</Filter>
    </ClInclude>
    <ClInclude Include="win32\win_local.h">
      <Filter>Win32</Filter>
    </ClInclude>
    <ClInclude Include="server\server.h">
      <Filter>Server</Filter>
    </ClInclude>
    <ClInclude Include="mp3code\config.h">
      <Filter>Sound\MP3\MP3 Headers</Filter>
    </ClInclude>
    <ClInclude Include="mp3code\copyright.h">
      <Filter>Sound\MP3\MP3 Headers</Filter>
    </ClInclude>
    <ClInclude Include="mp3code\htable.h">
      <Filter>Sound\MP3\MP3 Headers</Filter>
    </ClInclude>
    <ClInclude Include="mp3code\jdw.h">
      <Filter>Sound\MP3\MP3 Headers</Filter>
    </ClInclude>
    <ClInclude Include="mp3code\l3.h">
      <Filter>Sound\MP3\MP3 Headers</Filter>
    </ClInclude>
    <ClInclude Include="mp3code\mhead.h">
      <Filter>Sound\MP3\MP3 Headers</Filter>
    </ClInclude>
    <ClInclude Include="mp3code\mp3struct.h">
      <Filter>Sound\MP3\MP3 Headers</Filter>
    </ClInclude>
    <ClInclude Include="mp3code\port.h">
      <Filter>Sound\MP3\MP3 Headers</Filter>
    </ClInclude>
    <ClInclude Include="mp3code\small_header.h">
      <Filter>Sound\MP3\MP3 Headers</Filter>
    </ClInclude>
    <ClInclude Include="mp3code\tableawd.h">
      <Filter>Sound\MP3\MP3 Headers</Filter>
    </ClInclude>
    <ClInclude Include="client\snd_local.h">
      <Filter>Sound</Filter>
    </ClInclude>
    <ClInclude Include="client\snd_mp3.h">
      <Filter>Sound</Filter>
    </ClInclude>
    <ClInclude Include="client\snd_public.h">
      <Filter>Sound</Filter>
    </ClInclude>
    <ClInclude Include="jpeg-6\jchuff.h">
      <Filter>Renderer\jpeg files\JPG Headers</Filter>
    </ClInclude>
    <ClInclude Include="jpeg-6\jconfig.h">
      <Filter>Renderer\jpeg files\JPG Headers</Filter>
    </ClInclude>
    <ClInclude Include="jpeg-6\jdct.h">
      <Filter>Renderer\jpeg files\JPG Headers</Filter>
    </ClInclude>
    <ClInclude Include="jpeg-6\jdhuff.h">
      <Filter>Renderer\jpeg files\JPG Headers</Filter>
    </ClInclude>
    <ClInclude Include="jpeg-6\jerror.h">
      <Filter>Renderer\jpeg files\JPG Headers</Filter>
    </ClInclude>
    <ClInclude Include="jpeg-6\jinclude.h">
      <Filter>Renderer\jpeg files\JPG Headers</Filter>
    </ClInclude>
    <ClInclude Include="jpeg-6\jmemsys.h">
      <Filter>Renderer\jpeg files\JPG Headers</Filter>
    </ClInclude>
    <ClInclude Include="jpeg-6\jmorecfg.h">
      <Filter>Renderer\jpeg files\JPG Headers</Filter>
    </ClInclude>
    <ClInclude Include="jpeg-6\jpegint.h">
      <Filter>Renderer\jpeg files\JPG Headers</Filter>
    </ClInclude>
    <ClInclude Include="jpeg-6\jpeglib.h">
      <Filter>Renderer\jpeg files\JPG Headers</Filter>
    </ClInclude>
    <ClInclude Include="jpeg-6\jversion.h">
      <Filter>Renderer\jpeg files\JPG Headers</Filter>
    </ClInclude>
    <ClInclude Include="ft2\sfdriver.h">
      <Filter>Renderer\jpeg files\JPG Headers</Filter>
    </ClInclude>
    <ClInclude Include="ft2\sfobjs.h">
      <Filter>Renderer\jpeg files\JPG Headers</Filter>
    </ClInclude>
    <ClInclude Include="ft2\ttcmap.h">
      <Filter>Renderer\jpeg files\JPG Headers</Filter>
    </ClInclude>
    <ClInclude Include="ft2\ttload.h">
      <Filter>Renderer\jpeg files\JPG Headers</Filter>
    </ClInclude>
    <ClInclude Include="ft2\ttpost.h">
      <Filter>Renderer\jpeg files\JPG Headers</Filter>
    </ClInclude>
    <ClInclude Include="ft2\ttsbit.h">
      <Filter>Renderer\jpeg files\JPG Headers</Filter>
    </ClInclude>
    <ClInclude Include="png\png.h">
      <Filter>Renderer\png</Filter>
    </ClInclude>
    <ClInclude Include="renderer\glext.h">
      <Filter>Renderer</Filter>
    </ClInclude>
    <ClInclude Include="win32\glw_win.h">
      <Filter>Renderer</Filter>
    </ClInclude>
    <ClInclude Include="renderer\matcomp.h">
      <Filter>Renderer</Filter>
    </ClInclude>
    <ClInclude Include="renderer\tr_font.h">
      <Filter>Renderer</Filter>
    </ClInclude>
    <ClInclude Include="renderer\tr_local.h">
      <Filter>Renderer</Filter>
    </ClInclude>
    <ClInclude Include="renderer\tr_public.h">
      <Filter>Renderer</Filter>
    </ClInclude>
    <ClInclude Include="renderer\tr_quicksprite.h">
      <Filter>Renderer</Filter>
    </ClInclude>
    <ClInclude Include="cgame\tr_types.h">
      <Filter>Renderer</Filter>
    </ClInclude>
    <ClInclude Include="renderer\tr_WorldEffects.h">
      <Filter>Renderer</Filter>
    </ClInclude>
    <ClInclude Include="ghoul2\G2.h">
      <Filter>Ghoul2</Filter>
    </ClInclude>
    <ClInclude Include="ghoul2\G2_gore.h">
      <Filter>Ghoul2</Filter>
    </ClInclude>
    <ClInclude Include="ghoul2\G2_local.h">
      <Filter>Ghoul2</Filter>
    </ClInclude>
    <ClInclude Include="ghoul2\ghoul2_shared.h">
      <Filter>Ghoul2</Filter>
    </ClInclude>
    <ClInclude Include="renderer\mdx_format.h">
      <Filter>Ghoul2</Filter>
    </ClInclude>
    <ClInclude Include="zlib\deflate.h">
      <Filter>zlib</Filter>
    </ClInclude>
    <ClInclude Include="zlib\infblock.h">
      <Filter>zlib</Filter>
    </ClInclude>
    <ClInclude Include="zlib\infcodes.h">
      <Filter>zlib</Filter>
    </ClInclude>
    <ClInclude Include="zlib\inffast.h">
      <Filter>zlib</Filter>
    </ClInclude>
    <ClInclude Include="zlib\inffixed.h">
      <Filter>zlib</Filter>
    </ClInclude>
    <ClInclude Include="zlib\inftrees.h">
      <Filter>zlib</Filter>
    </ClInclude>
    <ClInclude Include="zlib\infutil.h">
      <Filter>zlib</Filter>
    </ClInclude>
    <ClInclude Include="zlib\trees.h">
      <Filter>zlib</Filter>
    </ClInclude>
    <ClInclude Include="zlib\zconf.h">
      <Filter>zlib</Filter>
    </ClInclude>
    <ClInclude Include="zlib\zlib.h">
      <Filter>zlib</Filter>
    </ClInclude>
    <ClInclude Include="zlib\zutil.h">
      <Filter>zlib</Filter>
    </ClInclude>
    <ClInclude Include="strings\con_text.h">
      <Filter>strings</Filter>
    </ClInclude>
    <ClInclude Include="strings\str_server.h">
      <Filter>strings</Filter>
    </ClInclude>
    <ClInclude Include="encryption\buffer.h">
      <Filter>encryption</Filter>
    </ClInclude>
    <ClInclude Include="encryption\cpp_interface.h">
      <Filter>encryption</Filter>
    </ClInclude>
    <ClInclude Include="encryption\encryption.h">
      <Filter>encryption</Filter>
    </ClInclude>
    <ClInclude Include="encryption\sockets.h">
      <Filter>encryption</Filter>
    </ClInclude>
    <ClInclude Include="smartheap\HEAPAGNT.H">
      <Filter>SmartHeap</Filter>
    </ClInclude>
    <ClInclude Include="smartheap\SMRTHEAP.H">
      <Filter>SmartHeap</Filter>
    </ClInclude>
    <ClInclude Include="smartheap\smrtheap.hpp">
      <Filter>SmartHeap</Filter>
    </ClInclude>
  </ItemGroup>
  <ItemGroup>
    <ResourceCompile Include="win32\winquake.rc">
      <Filter>Resource Files</Filter>
    </ResourceCompile>
  </ItemGroup>
  <ItemGroup>
    <ClCompile Include="client\0_SH_Leak.cpp">
      <Filter>Client</Filter>
    </ClCompile>
    <ClCompile Include="client\cl_cgame.cpp">
      <Filter>Client</Filter>
    </ClCompile>
    <ClCompile Include="client\cl_cin.cpp">
      <Filter>Client</Filter>
    </ClCompile>
    <ClCompile Include="client\cl_console.cpp">
      <Filter>Client</Filter>
    </ClCompile>
    <ClCompile Include="client\cl_input.cpp">
      <Filter>Client</Filter>
    </ClCompile>
    <ClCompile Include="client\cl_keys.cpp">
      <Filter>Client</Filter>
    </ClCompile>
    <ClCompile Include="client\cl_main.cpp">
      <Filter>Client</Filter>
    </ClCompile>
    <ClCompile Include="client\cl_net_chan.cpp">
      <Filter>Client</Filter>
    </ClCompile>
    <ClCompile Include="client\cl_parse.cpp">
      <Filter>Client</Filter>
    </ClCompile>
    <ClCompile Include="client\cl_scrn.cpp">
      <Filter>Client</Filter>
    </ClCompile>
    <ClCompile Include="client\cl_ui.cpp">
      <Filter>Client</Filter>
    </ClCompile>
    <ClCompile Include="client\FXExport.cpp">
      <Filter>Client</Filter>
    </ClCompile>
    <ClCompile Include="client\FxPrimitives.cpp">
      <Filter>Client</Filter>
    </ClCompile>
    <ClCompile Include="client\FxScheduler.cpp">
      <Filter>Client</Filter>
    </ClCompile>
    <ClCompile Include="client\FxSystem.cpp">
      <Filter>Client</Filter>
    </ClCompile>
    <ClCompile Include="client\FxTemplate.cpp">
      <Filter>Client</Filter>
    </ClCompile>
    <ClCompile Include="client\FxUtil.cpp">
      <Filter>Client</Filter>
    </ClCompile>
    <ClCompile Include="qcommon\cm_load.cpp">
      <Filter>Common</Filter>
    </ClCompile>
    <ClCompile Include="qcommon\cm_patch.cpp">
      <Filter>Common</Filter>
    </ClCompile>
    <ClCompile Include="qcommon\cm_polylib.cpp">
      <Filter>Common</Filter>
    </ClCompile>
    <ClCompile Include="qcommon\cm_shader.cpp">
      <Filter>Common</Filter>
    </ClCompile>
    <ClCompile Include="qcommon\cm_test.cpp">
      <Filter>Common</Filter>
    </ClCompile>
    <ClCompile Include="qcommon\cm_trace.cpp">
      <Filter>Common</Filter>
    </ClCompile>
    <ClCompile Include="qcommon\cmd.cpp">
      <Filter>Common</Filter>
    </ClCompile>
    <ClCompile Include="qcommon\CNetProfile.cpp">
      <Filter>Common</Filter>
    </ClCompile>
    <ClCompile Include="qcommon\common.cpp">
      <Filter>Common</Filter>
    </ClCompile>
    <ClCompile Include="qcommon\cvar.cpp">
      <Filter>Common</Filter>
    </ClCompile>
    <ClCompile Include="qcommon\files.cpp">
      <Filter>Common</Filter>
    </ClCompile>
    <ClCompile Include="qcommon\GenericParser2.cpp">
      <Filter>Common</Filter>
    </ClCompile>
    <ClCompile Include="qcommon\hstring.cpp">
      <Filter>Common</Filter>
    </ClCompile>
    <ClCompile Include="qcommon\huffman.cpp">
      <Filter>Common</Filter>
    </ClCompile>
    <ClCompile Include="qcommon\md4.cpp">
      <Filter>Common</Filter>
    </ClCompile>
    <ClCompile Include="qcommon\msg.cpp">
      <Filter>Common</Filter>
    </ClCompile>
    <ClCompile Include="qcommon\net_chan.cpp">
      <Filter>Common</Filter>
    </ClCompile>
    <ClCompile Include="game\q_math.c">
      <Filter>Common</Filter>
    </ClCompile>
    <ClCompile Include="qcommon\q_math.cpp">
      <Filter>Common</Filter>
    </ClCompile>
    <ClCompile Include="game\q_shared.c">
      <Filter>Common</Filter>
    </ClCompile>
    <ClCompile Include="qcommon\q_shared.cpp">
      <Filter>Common</Filter>
    </ClCompile>
    <ClCompile Include="qcommon\RoffSystem.cpp">
      <Filter>Common</Filter>
    </ClCompile>
    <ClCompile Include="qcommon\strip.cpp">
      <Filter>Common</Filter>
    </ClCompile>
    <ClCompile Include="qcommon\unzip.cpp">
      <Filter>Common</Filter>
    </ClCompile>
    <ClCompile Include="qcommon\vm.cpp">
      <Filter>Common</Filter>
    </ClCompile>
    <ClCompile Include="qcommon\vm_interpreted.cpp">
      <Filter>Common</Filter>
    </ClCompile>
    <ClCompile Include="qcommon\vm_x86.cpp">
      <Filter>Common</Filter>
    </ClCompile>
    <ClCompile Include="win32\win_input.cpp">
      <Filter>Win32</Filter>
    </ClCompile>
    <ClCompile Include="win32\win_main.cpp">
      <Filter>Win32</Filter>
    </ClCompile>
    <ClCompile Include="win32\win_net.cpp">
      <Filter>Win32</Filter>
    </ClCompile>
    <ClCompile Include="win32\win_shared.cpp">
      <Filter>Win32</Filter>
    </ClCompile>
    <ClCompile Include="win32\win_snd.cpp">
      <Filter>Win32</Filter>
    </ClCompile>
    <ClCompile Include="win32\win_syscon.cpp">
      <Filter>Win32</Filter>
    </ClCompile>
    <ClCompile Include="win32\win_wndproc.cpp">
      <Filter>Win32</Filter>
    </ClCompile>
    <ClCompile Include="server\sv_bot.cpp">
      <Filter>Server</Filter>
    </ClCompile>
    <ClCompile Include="server\sv_ccmds.cpp">
      <Filter>Server</Filter>
    </ClCompile>
    <ClCompile Include="server\sv_client.cpp">
      <Filter>Server</Filter>
    </ClCompile>
    <ClCompile Include="server\sv_game.cpp">
      <Filter>Server</Filter>
    </ClCompile>
    <ClCompile Include="server\sv_init.cpp">
      <Filter>Server</Filter>
    </ClCompile>
    <ClCompile Include="server\sv_main.cpp">
      <Filter>Server</Filter>
    </ClCompile>
    <ClCompile Include="server\sv_net_chan.cpp">
      <Filter>Server</Filter>
    </ClCompile>
    <ClCompile Include="server\sv_snapshot.cpp">
      <Filter>Server</Filter>
    </ClCompile>
    <ClCompile Include="server\sv_world.cpp">
      <Filter>Server</Filter>
    </ClCompile>
    <ClCompile Include="mp3code\cdct.c">
      <Filter>Sound\MP3</Filter>
    </ClCompile>
    <ClCompile Include="mp3code\csbt.c">
      <Filter>Sound\MP3</Filter>
    </ClCompile>
    <ClCompile Include="mp3code\csbtb.c">
      <Filter>Sound\MP3</Filter>
    </ClCompile>
    <ClCompile Include="mp3code\csbtl3.c">
      <Filter>Sound\MP3</Filter>
    </ClCompile>
    <ClCompile Include="mp3code\cup.c">
      <Filter>Sound\MP3</Filter>
    </ClCompile>
    <ClCompile Include="mp3code\cupini.c">
      <Filter>Sound\MP3</Filter>
    </ClCompile>
    <ClCompile Include="mp3code\cupl1.c">
      <Filter>Sound\MP3</Filter>
    </ClCompile>
    <ClCompile Include="mp3code\cupl3.c">
      <Filter>Sound\MP3</Filter>
    </ClCompile>
    <ClCompile Include="mp3code\cwin.c">
      <Filter>Sound\MP3</Filter>
    </ClCompile>
    <ClCompile Include="mp3code\cwinb.c">
      <Filter>Sound\MP3</Filter>
    </ClCompile>
    <ClCompile Include="mp3code\cwinm.c">
      <Filter>Sound\MP3</Filter>
    </ClCompile>
    <ClCompile Include="mp3code\hwin.c">
      <Filter>Sound\MP3</Filter>
    </ClCompile>
    <ClCompile Include="mp3code\l3dq.c">
      <Filter>Sound\MP3</Filter>
    </ClCompile>
    <ClCompile Include="mp3code\l3init.c">
      <Filter>Sound\MP3</Filter>
    </ClCompile>
    <ClCompile Include="mp3code\mdct.c">
      <Filter>Sound\MP3</Filter>
    </ClCompile>
    <ClCompile Include="mp3code\mhead.c">
      <Filter>Sound\MP3</Filter>
    </ClCompile>
    <ClCompile Include="mp3code\msis.c">
      <Filter>Sound\MP3</Filter>
    </ClCompile>
    <ClCompile Include="mp3code\towave.c">
      <Filter>Sound\MP3</Filter>
    </ClCompile>
    <ClCompile Include="mp3code\uph.c">
      <Filter>Sound\MP3</Filter>
    </ClCompile>
    <ClCompile Include="mp3code\upsf.c">
      <Filter>Sound\MP3</Filter>
    </ClCompile>
    <ClCompile Include="mp3code\wavep.c">
      <Filter>Sound\MP3</Filter>
    </ClCompile>
    <ClCompile Include="client\snd_dma.cpp">
      <Filter>Sound</Filter>
    </ClCompile>
    <ClCompile Include="client\snd_mem.cpp">
      <Filter>Sound</Filter>
    </ClCompile>
    <ClCompile Include="client\snd_mix.cpp">
      <Filter>Sound</Filter>
    </ClCompile>
    <ClCompile Include="client\snd_mp3.cpp">
      <Filter>Sound</Filter>
    </ClCompile>
    <ClCompile Include="jpeg-6\jcapimin.cpp">
      <Filter>Renderer\jpeg files\JPG Source</Filter>
    </ClCompile>
    <ClCompile Include="jpeg-6\jccoefct.cpp">
      <Filter>Renderer\jpeg files\JPG Source</Filter>
    </ClCompile>
    <ClCompile Include="jpeg-6\jccolor.cpp">
      <Filter>Renderer\jpeg files\JPG Source</Filter>
    </ClCompile>
    <ClCompile Include="jpeg-6\jcdctmgr.cpp">
      <Filter>Renderer\jpeg files\JPG Source</Filter>
    </ClCompile>
    <ClCompile Include="jpeg-6\jchuff.cpp">
      <Filter>Renderer\jpeg files\JPG Source</Filter>
    </ClCompile>
    <ClCompile Include="jpeg-6\jcinit.cpp">
      <Filter>Renderer\jpeg files\JPG Source</Filter>
    </ClCompile>
    <ClCompile Include="jpeg-6\jcmainct.cpp">
      <Filter>Renderer\jpeg files\JPG Source</Filter>
    </ClCompile>
    <ClCompile Include="jpeg-6\jcmarker.cpp">
      <Filter>Renderer\jpeg files\JPG Source</Filter>
    </ClCompile>
    <ClCompile Include="jpeg-6\jcmaster.cpp">
      <Filter>Renderer\jpeg files\JPG Source</Filter>
    </ClCompile>
    <ClCompile Include="jpeg-6\jcomapi.cpp">
      <Filter>Renderer\jpeg files\JPG Source</Filter>
    </ClCompile>
    <ClCompile Include="jpeg-6\jcparam.cpp">
      <Filter>Renderer\jpeg files\JPG Source</Filter>
    </ClCompile>
    <ClCompile Include="jpeg-6\jcphuff.cpp">
      <Filter>Renderer\jpeg files\JPG Source</Filter>
    </ClCompile>
    <ClCompile Include="jpeg-6\jcprepct.cpp">
      <Filter>Renderer\jpeg files\JPG Source</Filter>
    </ClCompile>
    <ClCompile Include="jpeg-6\jcsample.cpp">
      <Filter>Renderer\jpeg files\JPG Source</Filter>
    </ClCompile>
    <ClCompile Include="jpeg-6\jctrans.cpp">
      <Filter>Renderer\jpeg files\JPG Source</Filter>
    </ClCompile>
    <ClCompile Include="jpeg-6\jdapimin.cpp">
      <Filter>Renderer\jpeg files\JPG Source</Filter>
    </ClCompile>
    <ClCompile Include="jpeg-6\jdapistd.cpp">
      <Filter>Renderer\jpeg files\JPG Source</Filter>
    </ClCompile>
    <ClCompile Include="jpeg-6\jdatadst.cpp">
      <Filter>Renderer\jpeg files\JPG Source</Filter>
    </ClCompile>
    <ClCompile Include="jpeg-6\jdatasrc.cpp">
      <Filter>Renderer\jpeg files\JPG Source</Filter>
    </ClCompile>
    <ClCompile Include="jpeg-6\jdcoefct.cpp">
      <Filter>Renderer\jpeg files\JPG Source</Filter>
    </ClCompile>
    <ClCompile Include="jpeg-6\jdcolor.cpp">
      <Filter>Renderer\jpeg files\JPG Source</Filter>
    </ClCompile>
    <ClCompile Include="jpeg-6\jddctmgr.cpp">
      <Filter>Renderer\jpeg files\JPG Source</Filter>
    </ClCompile>
    <ClCompile Include="jpeg-6\jdhuff.cpp">
      <Filter>Renderer\jpeg files\JPG Source</Filter>
    </ClCompile>
    <ClCompile Include="jpeg-6\jdinput.cpp">
      <Filter>Renderer\jpeg files\JPG Source</Filter>
    </ClCompile>
    <ClCompile Include="jpeg-6\jdmainct.cpp">
      <Filter>Renderer\jpeg files\JPG Source</Filter>
    </ClCompile>
    <ClCompile Include="jpeg-6\jdmarker.cpp">
      <Filter>Renderer\jpeg files\JPG Source</Filter>
    </ClCompile>
    <ClCompile Include="jpeg-6\jdmaster.cpp">
      <Filter>Renderer\jpeg files\JPG Source</Filter>
    </ClCompile>
    <ClCompile Include="jpeg-6\jdpostct.cpp">
      <Filter>Renderer\jpeg files\JPG Source</Filter>
    </ClCompile>
    <ClCompile Include="jpeg-6\jdsample.cpp">
      <Filter>Renderer\jpeg files\JPG Source</Filter>
    </ClCompile>
    <ClCompile Include="jpeg-6\jdtrans.cpp">
      <Filter>Renderer\jpeg files\JPG Source</Filter>
    </ClCompile>
    <ClCompile Include="jpeg-6\jerror.cpp">
      <Filter>Renderer\jpeg files\JPG Source</Filter>
    </ClCompile>
    <ClCompile Include="jpeg-6\jfdctflt.cpp">
      <Filter>Renderer\jpeg files\JPG Source</Filter>
    </ClCompile>
    <ClCompile Include="jpeg-6\jidctflt.cpp">
      <Filter>Renderer\jpeg files\JPG Source</Filter>
    </ClCompile>
    <ClCompile Include="jpeg-6\jmemmgr.cpp">
      <Filter>Renderer\jpeg files\JPG Source</Filter>
    </ClCompile>
    <ClCompile Include="jpeg-6\jmemnobs.cpp">
      <Filter>Renderer\jpeg files\JPG Source</Filter>
    </ClCompile>
    <ClCompile Include="jpeg-6\jutils.cpp">
      <Filter>Renderer\jpeg files\JPG Source</Filter>
    </ClCompile>
    <ClCompile Include="png\png.cpp">
      <Filter>Renderer\png</Filter>
    </ClCompile>
    <ClCompile Include="renderer\matcomp.c">
      <Filter>Renderer</Filter>
    </ClCompile>
    <ClCompile Include="renderer\tr_animation.cpp">
      <Filter>Renderer</Filter>
    </ClCompile>
    <ClCompile Include="renderer\tr_backend.cpp">
      <Filter>Renderer</Filter>
    </ClCompile>
    <ClCompile Include="renderer\tr_bsp.cpp">
      <Filter>Renderer</Filter>
    </ClCompile>
    <ClCompile Include="renderer\tr_cmds.cpp">
      <Filter>Renderer</Filter>
    </ClCompile>
    <ClCompile Include="renderer\tr_curve.cpp">
      <Filter>Renderer</Filter>
    </ClCompile>
    <ClCompile Include="renderer\tr_flares.cpp">
      <Filter>Renderer</Filter>
    </ClCompile>
    <ClCompile Include="renderer\tr_font.cpp">
      <Filter>Renderer</Filter>
    </ClCompile>
    <ClCompile Include="renderer\tr_ghoul2.cpp">
      <Filter>Renderer</Filter>
    </ClCompile>
    <ClCompile Include="renderer\tr_image.cpp">
      <Filter>Renderer</Filter>
    </ClCompile>
    <ClCompile Include="renderer\tr_init.cpp">
      <Filter>Renderer</Filter>
    </ClCompile>
    <ClCompile Include="renderer\tr_light.cpp">
      <Filter>Renderer</Filter>
    </ClCompile>
    <ClCompile Include="renderer\tr_main.cpp">
      <Filter>Renderer</Filter>
    </ClCompile>
    <ClCompile Include="renderer\tr_marks.cpp">
      <Filter>Renderer</Filter>
    </ClCompile>
    <ClCompile Include="renderer\tr_mesh.cpp">
      <Filter>Renderer</Filter>
    </ClCompile>
    <ClCompile Include="renderer\tr_model.cpp">
      <Filter>Renderer</Filter>
    </ClCompile>
    <ClCompile Include="renderer\tr_noise.cpp">
      <Filter>Renderer</Filter>
    </ClCompile>
    <ClCompile Include="renderer\tr_quicksprite.cpp">
      <Filter>Renderer</Filter>
    </ClCompile>
    <ClCompile Include="renderer\tr_scene.cpp">
      <Filter>Renderer</Filter>
    </ClCompile>
    <ClCompile Include="renderer\tr_shade.cpp">
      <Filter>Renderer</Filter>
    </ClCompile>
    <ClCompile Include="renderer\tr_shade_calc.cpp">
      <Filter>Renderer</Filter>
    </ClCompile>
    <ClCompile Include="renderer\tr_shader.cpp">
      <Filter>Renderer</Filter>
    </ClCompile>
    <ClCompile Include="renderer\tr_shadows.cpp">
      <Filter>Renderer</Filter>
    </ClCompile>
    <ClCompile Include="renderer\tr_sky.cpp">
      <Filter>Renderer</Filter>
    </ClCompile>
    <ClCompile Include="renderer\tr_surface.cpp">
      <Filter>Renderer</Filter>
    </ClCompile>
    <ClCompile Include="renderer\tr_surfacesprites.cpp">
      <Filter>Renderer</Filter>
    </ClCompile>
    <ClCompile Include="renderer\tr_world.cpp">
      <Filter>Renderer</Filter>
    </ClCompile>
    <ClCompile Include="renderer\tr_WorldEffects.cpp">
      <Filter>Renderer</Filter>
    </ClCompile>
    <ClCompile Include="win32\win_gamma.cpp">
      <Filter>Renderer</Filter>
    </ClCompile>
    <ClCompile Include="win32\win_glimp.cpp">
      <Filter>Renderer</Filter>
    </ClCompile>
    <ClCompile Include="win32\win_qgl.cpp">
      <Filter>Renderer</Filter>
    </ClCompile>
    <ClCompile Include="ghoul2\G2_API.cpp">
      <Filter>Ghoul2</Filter>
    </ClCompile>
    <ClCompile Include="ghoul2\G2_bolts.cpp">
      <Filter>Ghoul2</Filter>
    </ClCompile>
    <ClCompile Include="ghoul2\G2_bones.cpp">
      <Filter>Ghoul2</Filter>
    </ClCompile>
    <ClCompile Include="ghoul2\G2_misc.cpp">
      <Filter>Ghoul2</Filter>
    </ClCompile>
    <ClCompile Include="ghoul2\G2_surfaces.cpp">
      <Filter>Ghoul2</Filter>
    </ClCompile>
    <ClCompile Include="zlib\adler32.c">
      <Filter>zlib</Filter>
    </ClCompile>
    <ClCompile Include="zlib\crc32.cpp">
      <Filter>zlib</Filter>
    </ClCompile>
    <ClCompile Include="zlib\deflate.c">
      <Filter>zlib</Filter>
    </ClCompile>
    <ClCompile Include="zlib\infblock.c">
      <Filter>zlib</Filter>
    </ClCompile>
    <ClCompile Include="zlib\infcodes.c">
      <Filter>zlib</Filter>
    </ClCompile>
    <ClCompile Include="zlib\inffast.c">
      <Filter>zlib</Filter>
    </ClCompile>
    <ClCompile Include="zlib\inflate.c">
      <Filter>zlib</Filter>
    </ClCompile>
    <ClCompile Include="zlib\inftrees.c">
      <Filter>zlib</Filter>
    </ClCompile>
    <ClCompile Include="zlib\infutil.c">
      <Filter>zlib</Filter>
    </ClCompile>
    <ClCompile Include="zlib\trees.c">
      <Filter>zlib</Filter>
    </ClCompile>
    <ClCompile Include="zlib\zutil.c">
      <Filter>zlib</Filter>
    </ClCompile>
    <ClCompile Include="encryption\buffer.cpp">
      <Filter>encryption</Filter>
    </ClCompile>
    <ClCompile Include="encryption\cpp_interface.cpp">
      <Filter>encryption</Filter>
    </ClCompile>
    <ClCompile Include="encryption\sockets.cpp">
      <Filter>encryption</Filter>
    </ClCompile>
    <ClCompile Include="smartheap\SMRTHEAP.C">
      <Filter>SmartHeap</Filter>
    </ClCompile>
  </ItemGroup>
  <ItemGroup>
    <Library Include="smartheap\HAW32M.LIB">
      <Filter>SmartHeap</Filter>
    </Library>
  </ItemGroup>
  <ItemGroup>
    <CustomBuild Include="win32\qe3.ico">
      <Filter>Resource Files</Filter>
    </CustomBuild>
    <CustomBuild Include="smartheap\HA312W32.DLL">
      <Filter>SmartHeap</Filter>
    </CustomBuild>
    <CustomBuild Include="smartheap\SHW32.DLL">
      <Filter>SmartHeap</Filter>
    </CustomBuild>
    <CustomBuild Include="Debug\HA312W32.DLL">
      <Filter>Debug</Filter>
    </CustomBuild>
    <CustomBuild Include="Debug\SHW32.DLL">
      <Filter>Debug</Filter>
    </CustomBuild>
  </ItemGroup>
</Project>